
Microsoft Visual Studio Solution File, Format Version 12.00
# Visual Studio Version 16
VisualStudioVersion = 16.0.30320.27
MinimumVisualStudioVersion = 10.0.40219.1
Project("{2150E333-8FDC-42A3-9474-1A3956D46DE8}") = "BCore", "BCore", "{313787F5-F310-46F2-8282-3014E2D73EEB}"
EndProject
Project("{2150E333-8FDC-42A3-9474-1A3956D46DE8}") = "Configuration", "Configuration", "{ADE0C419-DAE0-4EF4-9F71-0ECE3C3DFA39}"
EndProject
Project("{2150E333-8FDC-42A3-9474-1A3956D46DE8}") = "DAC.Core", "DAC.Core", "{1D751942-82AC-4C85-95E5-199632AE7993}"
EndProject
Project("{2150E333-8FDC-42A3-9474-1A3956D46DE8}") = "App", "App", "{AB4D37EA-DB60-4DB4-813F-7211C62D3560}"
EndProject
Project("{9A19103F-16F7-4668-BE54-9A1E7A4F7556}") = "BDO", "..\BDO\BDO.csproj", "{29937115-FCEF-4B4B-B346-F5010917730B}"
EndProject
Project("{9A19103F-16F7-4668-BE54-9A1E7A4F7556}") = "BFC", "..\BFC\BFC.csproj", "{88588269-78A8-44CB-BC73-D01B03CFB1CC}"
EndProject
Project("{9A19103F-16F7-4668-BE54-9A1E7A4F7556}") = "BFO", "..\BFO\BFO.csproj", "{C60FDC94-1241-4690-993F-77848283802E}"
EndProject
Project("{9A19103F-16F7-4668-BE54-9A1E7A4F7556}") = "IBFO", "..\IBFO\IBFO.csproj", "{48DEEB7A-571C-4AB2-91FE-0A0B2CFF11FB}"
EndProject
Project("{9A19103F-16F7-4668-BE54-9A1E7A4F7556}") = "CLL", "..\CLL\CLL.csproj", "{58C2A7AA-9E80-4C96-9452-4F0D504F2AD3}"
EndProject
Project("{9A19103F-16F7-4668-BE54-9A1E7A4F7556}") = "AppConfig", "..\AppConfig\AppConfig.csproj", "{B5475134-327A-4096-88B1-09462CCA5AC0}"
EndProject
Project("{9A19103F-16F7-4668-BE54-9A1E7A4F7556}") = "IDAC", "..\IDAC\IDAC.csproj", "{BDA50260-04C9-43BD-BA84-585A90BD599A}"
EndProject
Project("{9A19103F-16F7-4668-BE54-9A1E7A4F7556}") = "DAC", "..\DAC\DAC.csproj", "{1D5CFB5F-D647-4E00-A7FB-A7A7758C5753}"
EndProject
Project("{9A19103F-16F7-4668-BE54-9A1E7A4F7556}") = "JWTApiExample", "JWTApiExample\JWTApiExample.csproj", "{22FFCB00-0074-4A29-95BA-D5F86E8EE2BB}"
EndProject
Global
	GlobalSection(SolutionConfigurationPlatforms) = preSolution
		Debug|Any CPU = Debug|Any CPU
		Release|Any CPU = Release|Any CPU
	EndGlobalSection
	GlobalSection(ProjectConfigurationPlatforms) = postSolution
		{29937115-FCEF-4B4B-B346-F5010917730B}.Debug|Any CPU.ActiveCfg = Debug|Any CPU
		{29937115-FCEF-4B4B-B346-F5010917730B}.Debug|Any CPU.Build.0 = Debug|Any CPU
		{29937115-FCEF-4B4B-B346-F5010917730B}.Release|Any CPU.ActiveCfg = Release|Any CPU
		{29937115-FCEF-4B4B-B346-F5010917730B}.Release|Any CPU.Build.0 = Release|Any CPU
		{88588269-78A8-44CB-BC73-D01B03CFB1CC}.Debug|Any CPU.ActiveCfg = Debug|Any CPU
		{88588269-78A8-44CB-BC73-D01B03CFB1CC}.Debug|Any CPU.Build.0 = Debug|Any CPU
		{88588269-78A8-44CB-BC73-D01B03CFB1CC}.Release|Any CPU.ActiveCfg = Release|Any CPU
		{88588269-78A8-44CB-BC73-D01B03CFB1CC}.Release|Any CPU.Build.0 = Release|Any CPU
		{C60FDC94-1241-4690-993F-77848283802E}.Debug|Any CPU.ActiveCfg = Debug|Any CPU
		{C60FDC94-1241-4690-993F-77848283802E}.Debug|Any CPU.Build.0 = Debug|Any CPU
		{C60FDC94-1241-4690-993F-77848283802E}.Release|Any CPU.ActiveCfg = Release|Any CPU
		{C60FDC94-1241-4690-993F-77848283802E}.Release|Any CPU.Build.0 = Release|Any CPU
		{48DEEB7A-571C-4AB2-91FE-0A0B2CFF11FB}.Debug|Any CPU.ActiveCfg = Debug|Any CPU
		{48DEEB7A-571C-4AB2-91FE-0A0B2CFF11FB}.Debug|Any CPU.Build.0 = Debug|Any CPU
		{48DEEB7A-571C-4AB2-91FE-0A0B2CFF11FB}.Release|Any CPU.ActiveCfg = Release|Any CPU
		{48DEEB7A-571C-4AB2-91FE-0A0B2CFF11FB}.Release|Any CPU.Build.0 = Release|Any CPU
		{58C2A7AA-9E80-4C96-9452-4F0D504F2AD3}.Debug|Any CPU.ActiveCfg = Debug|Any CPU
		{58C2A7AA-9E80-4C96-9452-4F0D504F2AD3}.Debug|Any CPU.Build.0 = Debug|Any CPU
		{58C2A7AA-9E80-4C96-9452-4F0D504F2AD3}.Release|Any CPU.ActiveCfg = Release|Any CPU
		{58C2A7AA-9E80-4C96-9452-4F0D504F2AD3}.Release|Any CPU.Build.0 = Release|Any CPU
		{B5475134-327A-4096-88B1-09462CCA5AC0}.Debug|Any CPU.ActiveCfg = Debug|Any CPU
		{B5475134-327A-4096-88B1-09462CCA5AC0}.Debug|Any CPU.Build.0 = Debug|Any CPU
		{B5475134-327A-4096-88B1-09462CCA5AC0}.Release|Any CPU.ActiveCfg = Release|Any CPU
		{B5475134-327A-4096-88B1-09462CCA5AC0}.Release|Any CPU.Build.0 = Release|Any CPU
		{BDA50260-04C9-43BD-BA84-585A90BD599A}.Debug|Any CPU.ActiveCfg = Debug|Any CPU
		{BDA50260-04C9-43BD-BA84-585A90BD599A}.Debug|Any CPU.Build.0 = Debug|Any CPU
		{BDA50260-04C9-43BD-BA84-585A90BD599A}.Release|Any CPU.ActiveCfg = Release|Any CPU
		{BDA50260-04C9-43BD-BA84-585A90BD599A}.Release|Any CPU.Build.0 = Release|Any CPU
		{1D5CFB5F-D647-4E00-A7FB-A7A7758C5753}.Debug|Any CPU.ActiveCfg = Debug|Any CPU
		{1D5CFB5F-D647-4E00-A7FB-A7A7758C5753}.Debug|Any CPU.Build.0 = Debug|Any CPU
		{1D5CFB5F-D647-4E00-A7FB-A7A7758C5753}.Release|Any CPU.ActiveCfg = Release|Any CPU
		{1D5CFB5F-D647-4E00-A7FB-A7A7758C5753}.Release|Any CPU.Build.0 = Release|Any CPU
		{22FFCB00-0074-4A29-95BA-D5F86E8EE2BB}.Debug|Any CPU.ActiveCfg = Debug|Any CPU
		{22FFCB00-0074-4A29-95BA-D5F86E8EE2BB}.Debug|Any CPU.Build.0 = Debug|Any CPU
		{22FFCB00-0074-4A29-95BA-D5F86E8EE2BB}.Release|Any CPU.ActiveCfg = Release|Any CPU
		{22FFCB00-0074-4A29-95BA-D5F86E8EE2BB}.Release|Any CPU.Build.0 = Release|Any CPU
	EndGlobalSection
	GlobalSection(SolutionProperties) = preSolution
		HideSolutionNode = FALSE
	EndGlobalSection
	GlobalSection(NestedProjects) = preSolution
		{29937115-FCEF-4B4B-B346-F5010917730B} = {313787F5-F310-46F2-8282-3014E2D73EEB}
		{88588269-78A8-44CB-BC73-D01B03CFB1CC} = {313787F5-F310-46F2-8282-3014E2D73EEB}
		{C60FDC94-1241-4690-993F-77848283802E} = {313787F5-F310-46F2-8282-3014E2D73EEB}
		{48DEEB7A-571C-4AB2-91FE-0A0B2CFF11FB} = {313787F5-F310-46F2-8282-3014E2D73EEB}
		{58C2A7AA-9E80-4C96-9452-4F0D504F2AD3} = {ADE0C419-DAE0-4EF4-9F71-0ECE3C3DFA39}
		{B5475134-327A-4096-88B1-09462CCA5AC0} = {ADE0C419-DAE0-4EF4-9F71-0ECE3C3DFA39}
		{BDA50260-04C9-43BD-BA84-585A90BD599A} = {1D751942-82AC-4C85-95E5-199632AE7993}
		{1D5CFB5F-D647-4E00-A7FB-A7A7758C5753} = {1D751942-82AC-4C85-95E5-199632AE7993}
		{22FFCB00-0074-4A29-95BA-D5F86E8EE2BB} = {AB4D37EA-DB60-4DB4-813F-7211C62D3560}
	EndGlobalSection
	GlobalSection(ExtensibilityGlobals) = postSolution
		SolutionGuid = {94BA19E4-5264-4524-94D5-240FE6CF6481}
	EndGlobalSection
EndGlobal
